
Microsoft Visual Studio Solution File, Format Version 12.00
# Visual Studio Version 17
VisualStudioVersion = 17.5.33414.496
MinimumVisualStudioVersion = 10.0.40219.1
Project("{9A19103F-16F7-4668-BE54-9A1E7A4F7556}") = "Cynox.ModControl.Connections.SerialPort", "SerialPortConnection\Cynox.ModControl.Connections.SerialPort.csproj", "{C422AD28-83F8-410F-A28E-E460FD311FB5}"
EndProject
Global
	GlobalSection(SolutionConfigurationPlatforms) = preSolution
		Debug|Any CPU = Debug|Any CPU
		Release|Any CPU = Release|Any CPU
	EndGlobalSection
	GlobalSection(ProjectConfigurationPlatforms) = postSolution
		{C422AD28-83F8-410F-A28E-E460FD311FB5}.Debug|Any CPU.ActiveCfg = Debug|Any CPU
		{C422AD28-83F8-410F-A28E-E460FD311FB5}.Debug|Any CPU.Build.0 = Debug|Any CPU
		{C422AD28-83F8-410F-A28E-E460FD311FB5}.Release|Any CPU.ActiveCfg = Release|Any CPU
		{C422AD28-83F8-410F-A28E-E460FD311FB5}.Release|Any CPU.Build.0 = Release|Any CPU
	EndGlobalSection
	GlobalSection(SolutionProperties) = preSolution
		HideSolutionNode = FALSE
	EndGlobalSection
	GlobalSection(ExtensibilityGlobals) = postSolution
		SolutionGuid = {A988B1E0-C672-464E-BE0B-49504C76122B}
	EndGlobalSection
EndGlobal
